// !$*UTF8*$!
{
	archiveVersion = 1;
	classes = {
	};
	objectVersion = 77;
	objects = {

/* Begin PBXBuildFile section */
		FC6833352EAA70840016578D /* Kingfisher in Frameworks */ = {isa = PBXBuildFile; productRef = FC6833342EAA70840016578D /* Kingfisher */; };
		FC6833372EAA70FB0016578D /* UIImageView + Extenison.swift in Sources */ = {isa = PBXBuildFile; fileRef = FC6833362EAA70FB0016578D /* UIImageView + Extenison.swift */; };
		FC6833442EAAD0370016578D /* EndPointType.swift in Sources */ = {isa = PBXBuildFile; fileRef = FC6833432EAAD0370016578D /* EndPointType.swift */; };
		FC7132D82E7FAC95009EAA56 /* Assets.xcassets in Resources */ = {isa = PBXBuildFile; fileRef = FC7132CF2E7FAC95009EAA56 /* Assets.xcassets */; };
		FC7132DA2E7FAC95009EAA56 /* LaunchScreen.storyboard in Resources */ = {isa = PBXBuildFile; fileRef = FC7132D22E7FAC95009EAA56 /* LaunchScreen.storyboard */; };
		FC7132DB2E7FAC95009EAA56 /* Main.storyboard in Resources */ = {isa = PBXBuildFile; fileRef = FC7132D42E7FAC95009EAA56 /* Main.storyboard */; };
		FC7132DC2E7FAC95009EAA56 /* AppDelegate.swift in Sources */ = {isa = PBXBuildFile; fileRef = FC7132CE2E7FAC95009EAA56 /* AppDelegate.swift */; };
		FC7132DD2E7FAC95009EAA56 /* SceneDelegate.swift in Sources */ = {isa = PBXBuildFile; fileRef = FC7132D52E7FAC95009EAA56 /* SceneDelegate.swift */; };
		FC7132F32E7FB349009EAA56 /* APIManager.swift in Sources */ = {isa = PBXBuildFile; fileRef = FC7132F22E7FB349009EAA56 /* APIManager.swift */; };
		FC7132F52E7FFEA1009EAA56 /* Constant.swift in Sources */ = {isa = PBXBuildFile; fileRef = FC7132F42E7FFEA1009EAA56 /* Constant.swift */; };
/* End PBXBuildFile section */

/* Begin PBXFileReference section */
		FC6833362EAA70FB0016578D /* UIImageView + Extenison.swift */ = {isa = PBXFileReference; lastKnownFileType = sourcecode.swift; path = "UIImageView + Extenison.swift"; sourceTree = "<group>"; };
		FC6833432EAAD0370016578D /* EndPointType.swift */ = {isa = PBXFileReference; lastKnownFileType = sourcecode.swift; path = EndPointType.swift; sourceTree = "<group>"; };
		FC7132B62E7FAC71009EAA56 /* ProductList.app */ = {isa = PBXFileReference; explicitFileType = wrapper.application; includeInIndex = 0; path = ProductList.app; sourceTree = BUILT_PRODUCTS_DIR; };
		FC7132CE2E7FAC95009EAA56 /* AppDelegate.swift */ = {isa = PBXFileReference; lastKnownFileType = sourcecode.swift; path = AppDelegate.swift; sourceTree = "<group>"; };
		FC7132CF2E7FAC95009EAA56 /* Assets.xcassets */ = {isa = PBXFileReference; lastKnownFileType = folder.assetcatalog; path = Assets.xcassets; sourceTree = "<group>"; };
		FC7132D02E7FAC95009EAA56 /* Info.plist */ = {isa = PBXFileReference; lastKnownFileType = text.plist.xml; path = Info.plist; sourceTree = "<group>"; };
		FC7132D12E7FAC95009EAA56 /* Base */ = {isa = PBXFileReference; lastKnownFileType = file.storyboard; name = Base; path = Base.lproj/LaunchScreen.storyboard; sourceTree = "<group>"; };
		FC7132D32E7FAC95009EAA56 /* Base */ = {isa = PBXFileReference; lastKnownFileType = file.storyboard; name = Base; path = Base.lproj/Main.storyboard; sourceTree = "<group>"; };
		FC7132D52E7FAC95009EAA56 /* SceneDelegate.swift */ = {isa = PBXFileReference; lastKnownFileType = sourcecode.swift; path = SceneDelegate.swift; sourceTree = "<group>"; };
		FC7132F22E7FB349009EAA56 /* APIManager.swift */ = {isa = PBXFileReference; lastKnownFileType = sourcecode.swift; path = APIManager.swift; sourceTree = "<group>"; };
		FC7132F42E7FFEA1009EAA56 /* Constant.swift */ = {isa = PBXFileReference; lastKnownFileType = sourcecode.swift; path = Constant.swift; sourceTree = "<group>"; };
/* End PBXFileReference section */

/* Begin PBXFileSystemSynchronizedRootGroup section */
		FC7132E92E7FB03F009EAA56 /* ViewModel */ = {
			isa = PBXFileSystemSynchronizedRootGroup;
			path = ViewModel;
			sourceTree = "<group>";
		};
		FC7132EB2E7FB0FB009EAA56 /* Model */ = {
			isa = PBXFileSystemSynchronizedRootGroup;
			path = Model;
			sourceTree = "<group>";
		};
		FC7132ED2E7FB108009EAA56 /* View */ = {
			isa = PBXFileSystemSynchronizedRootGroup;
			path = View;
			sourceTree = "<group>";
		};
/* End PBXFileSystemSynchronizedRootGroup section */

/* Begin PBXFrameworksBuildPhase section */
		FC7132B32E7FAC71009EAA56 /* Frameworks */ = {
			isa = PBXFrameworksBuildPhase;
			buildActionMask = 2147483647;
			files = (
				FC6833352EAA70840016578D /* Kingfisher in Frameworks */,
			);
			runOnlyForDeploymentPostprocessing = 0;
		};
/* End PBXFrameworksBuildPhase section */

/* Begin PBXGroup section */
		FC6833422EAAD00A0016578D /* Utility */ = {
			isa = PBXGroup;
			children = (
				FC6833432EAAD0370016578D /* EndPointType.swift */,
			);
			path = Utility;
			sourceTree = "<group>";
		};
		FC7132AD2E7FAC71009EAA56 = {
			isa = PBXGroup;
			children = (
				FC7132D72E7FAC95009EAA56 /* ProductList */,
				FC7132B72E7FAC71009EAA56 /* Products */,
			);
			sourceTree = "<group>";
		};
		FC7132B72E7FAC71009EAA56 /* Products */ = {
			isa = PBXGroup;
			children = (
				FC7132B62E7FAC71009EAA56 /* ProductList.app */,
			);
			name = Products;
			sourceTree = "<group>";
		};
		FC7132D72E7FAC95009EAA56 /* ProductList */ = {
			isa = PBXGroup;
			children = (
				FC7132E42E7FACCF009EAA56 /* Application */,
				FC7132E12E7FACC3009EAA56 /* Constant */,
				FC7132E32E7FACCB009EAA56 /* Extension */,
				FC6833422EAAD00A0016578D /* Utility */,
				FC7132E02E7FACBA009EAA56 /* Helpers */,
				FC7132DF2E7FAC9E009EAA56 /* Screens */,
				FC7132E52E7FAEDE009EAA56 /* Storybaord */,
				FC7132E22E7FACC8009EAA56 /* Resources */,
				FC7132D02E7FAC95009EAA56 /* Info.plist */,
			);
			path = ProductList;
			sourceTree = "<group>";
		};
		FC7132DF2E7FAC9E009EAA56 /* Screens */ = {
			isa = PBXGroup;
			children = (
				FC7132E62E7FB00B009EAA56 /* Product */,
			);
			path = Screens;
			sourceTree = "<group>";
		};
		FC7132E02E7FACBA009EAA56 /* Helpers */ = {
			isa = PBXGroup;
			children = (
				FC7132F22E7FB349009EAA56 /* APIManager.swift */,
			);
			path = Helpers;
			sourceTree = "<group>";
		};
		FC7132E12E7FACC3009EAA56 /* Constant */ = {
			isa = PBXGroup;
			children = (
				FC7132F42E7FFEA1009EAA56 /* Constant.swift */,
			);
			path = Constant;
			sourceTree = "<group>";
		};
		FC7132E22E7FACC8009EAA56 /* Resources */ = {
			isa = PBXGroup;
			children = (
				FC7132CF2E7FAC95009EAA56 /* Assets.xcassets */,
			);
			path = Resources;
			sourceTree = "<group>";
		};
		FC7132E32E7FACCB009EAA56 /* Extension */ = {
			isa = PBXGroup;
			children = (
				FC6833362EAA70FB0016578D /* UIImageView + Extenison.swift */,
			);
			path = Extension;
			sourceTree = "<group>";
		};
		FC7132E42E7FACCF009EAA56 /* Application */ = {
			isa = PBXGroup;
			children = (
				FC7132CE2E7FAC95009EAA56 /* AppDelegate.swift */,
				FC7132D52E7FAC95009EAA56 /* SceneDelegate.swift */,
			);
			path = Application;
			sourceTree = "<group>";
		};
		FC7132E52E7FAEDE009EAA56 /* Storybaord */ = {
			isa = PBXGroup;
			children = (
				FC7132D42E7FAC95009EAA56 /* Main.storyboard */,
				FC7132D22E7FAC95009EAA56 /* LaunchScreen.storyboard */,
			);
			path = Storybaord;
			sourceTree = "<group>";
		};
		FC7132E62E7FB00B009EAA56 /* Product */ = {
			isa = PBXGroup;
			children = (
				FC7132EB2E7FB0FB009EAA56 /* Model */,
				FC7132ED2E7FB108009EAA56 /* View */,
				FC7132E92E7FB03F009EAA56 /* ViewModel */,
			);
			path = Product;
			sourceTree = "<group>";
		};
/* End PBXGroup section */

/* Begin PBXNativeTarget section */
		FC7132B52E7FAC71009EAA56 /* ProductList */ = {
			isa = PBXNativeTarget;
			buildConfigurationList = FC7132C92E7FAC71009EAA56 /* Build configuration list for PBXNativeTarget "ProductList" */;
			buildPhases = (
				FC7132B22E7FAC71009EAA56 /* Sources */,
				FC7132B32E7FAC71009EAA56 /* Frameworks */,
				FC7132B42E7FAC71009EAA56 /* Resources */,
			);
			buildRules = (
			);
			dependencies = (
			);
			fileSystemSynchronizedGroups = (
				FC7132E92E7FB03F009EAA56 /* ViewModel */,
				FC7132EB2E7FB0FB009EAA56 /* Model */,
				FC7132ED2E7FB108009EAA56 /* View */,
			);
			name = ProductList;
			packageProductDependencies = (
				FC6833342EAA70840016578D /* Kingfisher */,
			);
			productName = ProductList;
			productReference = FC7132B62E7FAC71009EAA56 /* ProductList.app */;
			productType = "com.apple.product-type.application";
		};
/* End PBXNativeTarget section */

/* Begin PBXProject section */
		FC7132AE2E7FAC71009EAA56 /* Project object */ = {
			isa = PBXProject;
			attributes = {
				BuildIndependentTargetsInParallel = 1;
				LastSwiftUpdateCheck = 1640;
				LastUpgradeCheck = 1640;
				TargetAttributes = {
					FC7132B52E7FAC71009EAA56 = {
						CreatedOnToolsVersion = 16.4;
					};
				};
			};
			buildConfigurationList = FC7132B12E7FAC71009EAA56 /* Build configuration list for PBXProject "ProductList" */;
			developmentRegion = en;
			hasScannedForEncodings = 0;
			knownRegions = (
				en,
				Base,
			);
			mainGroup = FC7132AD2E7FAC71009EAA56;
			minimizedProjectReferenceProxies = 1;
			packageReferences = (
				FC6833332EAA70840016578D /* XCRemoteSwiftPackageReference "Kingfisher" */,
			);
			preferredProjectObjectVersion = 77;
			productRefGroup = FC7132B72E7FAC71009EAA56 /* Products */;
			projectDirPath = "";
			projectRoot = "";
			targets = (
				FC7132B52E7FAC71009EAA56 /* ProductList */,
			);
		};
/* End PBXProject section */

/* Begin PBXResourcesBuildPhase section */
		FC7132B42E7FAC71009EAA56 /* Resources */ = {
			isa = PBXResourcesBuildPhase;
			buildActionMask = 2147483647;
			files = (
				FC7132D82E7FAC95009EAA56 /* Assets.xcassets in Resources */,
				FC7132DA2E7FAC95009EAA56 /* LaunchScreen.storyboard in Resources */,
				FC7132DB2E7FAC95009EAA56 /* Main.storyboard in Resources */,
			);
			runOnlyForDeploymentPostprocessing = 0;
		};
/* End PBXResourcesBuildPhase section */

/* Begin PBXSourcesBuildPhase section */
		FC7132B22E7FAC71009EAA56 /* Sources */ = {
			isa = PBXSourcesBuildPhase;
			buildActionMask = 2147483647;
			files = (
				FC7132F32E7FB349009EAA56 /* APIManager.swift in Sources */,
				FC7132DC2E7FAC95009EAA56 /* AppDelegate.swift in Sources */,
				FC6833372EAA70FB0016578D /* UIImageView + Extenison.swift in Sources */,
				FC7132F52E7FFEA1009EAA56 /* Constant.swift in Sources */,
				FC7132DD2E7FAC95009EAA56 /* SceneDelegate.swift in Sources */,
				FC6833442EAAD0370016578D /* EndPointType.swift in Sources */,
			);
			runOnlyForDeploymentPostprocessing = 0;
		};
/* End PBXSourcesBuildPhase section */

/* Begin PBXVariantGroup section */
		FC7132D22E7FAC95009EAA56 /* LaunchScreen.storyboard */ = {
			isa = PBXVariantGroup;
			children = (
				FC7132D12E7FAC95009EAA56 /* Base */,
			);
			name = LaunchScreen.storyboard;
			sourceTree = "<group>";
		};
		FC7132D42E7FAC95009EAA56 /* Main.storyboard */ = {
			isa = PBXVariantGroup;
			children = (
				FC7132D32E7FAC95009EAA56 /* Base */,
			);
			name = Main.storyboard;
			sourceTree = "<group>";
		};
/* End PBXVariantGroup section */

/* Begin XCBuildConfiguration section */
		FC7132CA2E7FAC71009EAA56 /* Debug */ = {
			isa = XCBuildConfiguration;
			buildSettings = {
				ASSETCATALOG_COMPILER_APPICON_NAME = AppIcon;
				ASSETCATALOG_COMPILER_GLOBAL_ACCENT_COLOR_NAME = AccentColor;
				CODE_SIGN_IDENTITY = "Apple Development";
				CODE_SIGN_STYLE = Automatic;
				CURRENT_PROJECT_VERSION = 1;
				DEVELOPMENT_TEAM = "";
				GENERATE_INFOPLIST_FILE = YES;
				INFOPLIST_FILE = ProductList/Info.plist;
				INFOPLIST_KEY_UIApplicationSupportsIndirectInputEvents = YES;
				INFOPLIST_KEY_UILaunchStoryboardName = LaunchScreen;
				INFOPLIST_KEY_UIMainStoryboardFile = Main;
				INFOPLIST_KEY_UISupportedInterfaceOrientations_iPad = "UIInterfaceOrientationPortrait UIInterfaceOrientationPortraitUpsideDown UIInterfaceOrientationLandscapeLeft UIInterfaceOrientationLandscapeRight";
				INFOPLIST_KEY_UISupportedInterfaceOrientations_iPhone = "UIInterfaceOrientationPortrait UIInterfaceOrientationLandscapeLeft UIInterfaceOrientationLandscapeRight";
				LD_RUNPATH_SEARCH_PATHS = (
					"$(inherited)",
					"@executable_path/Frameworks",
				);
				MARKETING_VERSION = 1.0;
				PRODUCT_BUNDLE_IDENTIFIER = ProductList.ProductList;
				PRODUCT_NAME = "$(TARGET_NAME)";
				PROVISIONING_PROFILE_SPECIFIER = "";
				SWIFT_EMIT_LOC_STRINGS = YES;
				SWIFT_VERSION = 5.0;
				TARGETED_DEVICE_FAMILY = "1,2";
			};
			name = Debug;
		};
		FC7132CB2E7FAC71009EAA56 /* Release */ = {
			isa = XCBuildConfiguration;
			buildSettings = {
				ASSETCATALOG_COMPILER_APPICON_NAME = AppIcon;
				ASSETCATALOG_COMPILER_GLOBAL_ACCENT_COLOR_NAME = AccentColor;
				CODE_SIGN_IDENTITY = "Apple Development";
				CODE_SIGN_STYLE = Automatic;
				CURRENT_PROJECT_VERSION = 1;
				DEVELOPMENT_TEAM = "";
				GENERATE_INFOPLIST_FILE = YES;
				INFOPLIST_FILE = ProductList/Info.plist;
				INFOPLIST_KEY_UIApplicationSupportsIndirectInputEvents = YES;
				INFOPLIST_KEY_UILaunchStoryboardName = LaunchScreen;
				INFOPLIST_KEY_UIMainStoryboardFile = Main;
				INFOPLIST_KEY_UISupportedInterfaceOrientations_iPad = "UIInterfaceOrientationPortrait UIInterfaceOrientationPortraitUpsideDown UIInterfaceOrientationLandscapeLeft UIInterfaceOrientationLandscapeRight";
				INFOPLIST_KEY_UISupportedInterfaceOrientations_iPhone = "UIInterfaceOrientationPortrait UIInterfaceOrientationLandscapeLeft UIInterfaceOrientationLandscapeRight";
				LD_RUNPATH_SEARCH_PATHS = (
					"$(inherited)",
					"@executable_path/Frameworks",
				);
				MARKETING_VERSION = 1.0;
				PRODUCT_BUNDLE_IDENTIFIER = ProductList.ProductList;
				PRODUCT_NAME = "$(TARGET_NAME)";
				PROVISIONING_PROFILE_SPECIFIER = "";
				SWIFT_EMIT_LOC_STRINGS = YES;
				SWIFT_VERSION = 5.0;
				TARGETED_DEVICE_FAMILY = "1,2";
			};
			name = Release;
		};
		FC7132CC2E7FAC71009EAA56 /* Debug */ = {
			isa = XCBuildConfiguration;
			buildSettings = {
				ALWAYS_SEARCH_USER_PATHS = NO;
				ASSETCATALOG_COMPILER_GENERATE_SWIFT_ASSET_SYMBOL_EXTENSIONS = YES;
				CLANG_ANALYZER_NONNULL = YES;
				CLANG_ANALYZER_NUMBER_OBJECT_CONVERSION = YES_AGGRESSIVE;
				CLANG_CXX_LANGUAGE_STANDARD = "gnu++20";
				CLANG_ENABLE_MODULES = YES;
				CLANG_ENABLE_OBJC_ARC = YES;
				CLANG_ENABLE_OBJC_WEAK = YES;
				CLANG_WARN_BLOCK_CAPTURE_AUTORELEASING = YES;
				CLANG_WARN_BOOL_CONVERSION = YES;
				CLANG_WARN_COMMA = YES;
				CLANG_WARN_CONSTANT_CONVERSION = YES;
				CLANG_WARN_DEPRECATED_OBJC_IMPLEMENTATIONS = YES;
				CLANG_WARN_DIRECT_OBJC_ISA_USAGE = YES_ERROR;
				CLANG_WARN_DOCUMENTATION_COMMENTS = YES;
				CLANG_WARN_EMPTY_BODY = YES;
				CLANG_WARN_ENUM_CONVERSION = YES;
				CLANG_WARN_INFINITE_RECURSION = YES;
				CLANG_WARN_INT_CONVERSION = YES;
				CLANG_WARN_NON_LITERAL_NULL_CONVERSION = YES;
				CLANG_WARN_OBJC_IMPLICIT_RETAIN_SELF = YES;
				CLANG_WARN_OBJC_LITERAL_CONVERSION = YES;
				CLANG_WARN_OBJC_ROOT_CLASS = YES_ERROR;
				CLANG_WARN_QUOTED_INCLUDE_IN_FRAMEWORK_HEADER = YES;
				CLANG_WARN_RANGE_LOOP_ANALYSIS = YES;
				CLANG_WARN_STRICT_PROTOTYPES = YES;
				CLANG_WARN_SUSPICIOUS_MOVE = YES;
				CLANG_WARN_UNGUARDED_AVAILABILITY = YES_AGGRESSIVE;
				CLANG_WARN_UNREACHABLE_CODE = YES;
				CLANG_WARN__DUPLICATE_METHOD_MATCH = YES;
				COPY_PHASE_STRIP = NO;
				DEBUG_INFORMATION_FORMAT = dwarf;
				ENABLE_STRICT_OBJC_MSGSEND = YES;
				ENABLE_TESTABILITY = YES;
				ENABLE_USER_SCRIPT_SANDBOXING = YES;
				GCC_C_LANGUAGE_STANDARD = gnu17;
				GCC_DYNAMIC_NO_PIC = NO;
				GCC_NO_COMMON_BLOCKS = YES;
				GCC_OPTIMIZATION_LEVEL = 0;
				GCC_PREPROCESSOR_DEFINITIONS = (
					"DEBUG=1",
					"$(inherited)",
				);
				GCC_WARN_64_TO_32_BIT_CONVERSION = YES;
				GCC_WARN_ABOUT_RETURN_TYPE = YES_ERROR;
				GCC_WARN_UNDECLARED_SELECTOR = YES;
				GCC_WARN_UNINITIALIZED_AUTOS = YES_AGGRESSIVE;
				GCC_WARN_UNUSED_FUNCTION = YES;
				GCC_WARN_UNUSED_VARIABLE = YES;
				IPHONEOS_DEPLOYMENT_TARGET = 18.5;
				LOCALIZATION_PREFERS_STRING_CATALOGS = YES;
				MTL_ENABLE_DEBUG_INFO = INCLUDE_SOURCE;
				MTL_FAST_MATH = YES;
				ONLY_ACTIVE_ARCH = YES;
				SDKROOT = iphoneos;
				SWIFT_ACTIVE_COMPILATION_CONDITIONS = "DEBUG $(inherited)";
				SWIFT_OPTIMIZATION_LEVEL = "-Onone";
			};
			name = Debug;
		};
		FC7132CD2E7FAC71009EAA56 /* Release */ = {
			isa = XCBuildConfiguration;
			buildSettings = {
				ALWAYS_SEARCH_USER_PATHS = NO;
				ASSETCATALOG_COMPILER_GENERATE_SWIFT_ASSET_SYMBOL_EXTENSIONS = YES;
				CLANG_ANALYZER_NONNULL = YES;
				CLANG_ANALYZER_NUMBER_OBJECT_CONVERSION = YES_AGGRESSIVE;
				CLANG_CXX_LANGUAGE_STANDARD = "gnu++20";
				CLANG_ENABLE_MODULES = YES;
				CLANG_ENABLE_OBJC_ARC = YES;
				CLANG_ENABLE_OBJC_WEAK = YES;
				CLANG_WARN_BLOCK_CAPTURE_AUTORELEASING = YES;
				CLANG_WARN_BOOL_CONVERSION = YES;
				CLANG_WARN_COMMA = YES;
				CLANG_WARN_CONSTANT_CONVERSION = YES;
				CLANG_WARN_DEPRECATED_OBJC_IMPLEMENTATIONS = YES;
				CLANG_WARN_DIRECT_OBJC_ISA_USAGE = YES_ERROR;
				CLANG_WARN_DOCUMENTATION_COMMENTS = YES;
				CLANG_WARN_EMPTY_BODY = YES;
				CLANG_WARN_ENUM_CONVERSION = YES;
				CLANG_WARN_INFINITE_RECURSION = YES;
				CLANG_WARN_INT_CONVERSION = YES;
				CLANG_WARN_NON_LITERAL_NULL_CONVERSION = YES;
				CLANG_WARN_OBJC_IMPLICIT_RETAIN_SELF = YES;
				CLANG_WARN_OBJC_LITERAL_CONVERSION = YES;
				CLANG_WARN_OBJC_ROOT_CLASS = YES_ERROR;
				CLANG_WARN_QUOTED_INCLUDE_IN_FRAMEWORK_HEADER = YES;
				CLANG_WARN_RANGE_LOOP_ANALYSIS = YES;
				CLANG_WARN_STRICT_PROTOTYPES = YES;
				CLANG_WARN_SUSPICIOUS_MOVE = YES;
				CLANG_WARN_UNGUARDED_AVAILABILITY = YES_AGGRESSIVE;
				CLANG_WARN_UNREACHABLE_CODE = YES;
				CLANG_WARN__DUPLICATE_METHOD_MATCH = YES;
				COPY_PHASE_STRIP = NO;
				DEBUG_INFORMATION_FORMAT = "dwarf-with-dsym";
				ENABLE_NS_ASSERTIONS = NO;
				ENABLE_STRICT_OBJC_MSGSEND = YES;
				ENABLE_USER_SCRIPT_SANDBOXING = YES;
				GCC_C_LANGUAGE_STANDARD = gnu17;
				GCC_NO_COMMON_BLOCKS = YES;
				GCC_WARN_64_TO_32_BIT_CONVERSION = YES;
				GCC_WARN_ABOUT_RETURN_TYPE = YES_ERROR;
				GCC_WARN_UNDECLARED_SELECTOR = YES;
				GCC_WARN_UNINITIALIZED_AUTOS = YES_AGGRESSIVE;
				GCC_WARN_UNUSED_FUNCTION = YES;
				GCC_WARN_UNUSED_VARIABLE = YES;
				IPHONEOS_DEPLOYMENT_TARGET = 18.5;
				LOCALIZATION_PREFERS_STRING_CATALOGS = YES;
				MTL_ENABLE_DEBUG_INFO = NO;
				MTL_FAST_MATH = YES;
				SDKROOT = iphoneos;
				SWIFT_COMPILATION_MODE = wholemodule;
				VALIDATE_PRODUCT = YES;
			};
			name = Release;
		};
/* End XCBuildConfiguration section */

/* Begin XCConfigurationList section */
		FC7132B12E7FAC71009EAA56 /* Build configuration list for PBXProject "ProductList" */ = {
			isa = XCConfigurationList;
			buildConfigurations = (
				FC7132CC2E7FAC71009EAA56 /* Debug */,
				FC7132CD2E7FAC71009EAA56 /* Release */,
			);
			defaultConfigurationIsVisible = 0;
			defaultConfigurationName = Release;
		};
		FC7132C92E7FAC71009EAA56 /* Build configuration list for PBXNativeTarget "ProductList" */ = {
			isa = XCConfigurationList;
			buildConfigurations = (
				FC7132CA2E7FAC71009EAA56 /* Debug */,
				FC7132CB2E7FAC71009EAA56 /* Release */,
			);
			defaultConfigurationIsVisible = 0;
			defaultConfigurationName = Release;
		};
/* End XCConfigurationList section */

/* Begin XCRemoteSwiftPackageReference section */
		FC6833332EAA70840016578D /* XCRemoteSwiftPackageReference "Kingfisher" */ = {
			isa = XCRemoteSwiftPackageReference;
			repositoryURL = "https://github.com/onevcat/Kingfisher.git";
			requirement = {
				kind = upToNextMajorVersion;
				minimumVersion = 8.6.0;
			};
		};
/* End XCRemoteSwiftPackageReference section */

/* Begin XCSwiftPackageProductDependency section */
		FC6833342EAA70840016578D /* Kingfisher */ = {
			isa = XCSwiftPackageProductDependency;
			package = FC6833332EAA70840016578D /* XCRemoteSwiftPackageReference "Kingfisher" */;
			productName = Kingfisher;
		};
/* End XCSwiftPackageProductDependency section */
	};
	rootObject = FC7132AE2E7FAC71009EAA56 /* Project object */;
}
